// !$*UTF8*$!
{
	archiveVersion = 1;
	classes = {
	};
	objectVersion = 56;
	objects = {

/* Begin PBXBuildFile section */
		3F0353D4D1D052DFC97F011D /* Pods_Mova.framework in Frameworks */ = {isa = PBXBuildFile; fileRef = 4A964553CCF0F64672A831E9 /* Pods_Mova.framework */; };
		B2358771294231DA001C8BB0 /* AppConfig.swift in Sources */ = {isa = PBXBuildFile; fileRef = B2358770294231DA001C8BB0 /* AppConfig.swift */; };
		B235877329424611001C8BB0 /* BaseViewController.swift in Sources */ = {isa = PBXBuildFile; fileRef = B235877229424611001C8BB0 /* BaseViewController.swift */; };
		B23EB7682950122000940D50 /* StretchyHeaderImageView.swift in Sources */ = {isa = PBXBuildFile; fileRef = B23EB7672950122000940D50 /* StretchyHeaderImageView.swift */; };
		B23EB76A295023A000940D50 /* HomeViewHeader.swift in Sources */ = {isa = PBXBuildFile; fileRef = B23EB769295023A000940D50 /* HomeViewHeader.swift */; };
		B244B33C2948DD3E00E92915 /* Extension+NSObject.swift in Sources */ = {isa = PBXBuildFile; fileRef = B244B33B2948DD3E00E92915 /* Extension+NSObject.swift */; };
		B27106BB294435E700403D75 /* StretchyTableViewHeader.swift in Sources */ = {isa = PBXBuildFile; fileRef = B27106BA294435E700403D75 /* StretchyTableViewHeader.swift */; };
		B27FF2B32942D45B00371CD1 /* PrimaryButtonSmaller.swift in Sources */ = {isa = PBXBuildFile; fileRef = B27FF2B22942D45B00371CD1 /* PrimaryButtonSmaller.swift */; };
		B27FF2B62942D50300371CD1 /* MasterView.swift in Sources */ = {isa = PBXBuildFile; fileRef = B27FF2B52942D50300371CD1 /* MasterView.swift */; };
		B27FF2BA2942D6C000371CD1 /* PreviewUI.swift in Sources */ = {isa = PBXBuildFile; fileRef = B27FF2B92942D6C000371CD1 /* PreviewUI.swift */; };
		B27FF2C92942DD8900371CD1 /* Roboto-Medium.ttf in Resources */ = {isa = PBXBuildFile; fileRef = B27FF2BD2942DD8800371CD1 /* Roboto-Medium.ttf */; };
		B27FF2CA2942DD8900371CD1 /* Roboto-Light.ttf in Resources */ = {isa = PBXBuildFile; fileRef = B27FF2BE2942DD8800371CD1 /* Roboto-Light.ttf */; };
		B27FF2CB2942DD8900371CD1 /* Roboto-Regular.ttf in Resources */ = {isa = PBXBuildFile; fileRef = B27FF2BF2942DD8800371CD1 /* Roboto-Regular.ttf */; };
		B27FF2CC2942DD8900371CD1 /* Roboto-MediumItalic.ttf in Resources */ = {isa = PBXBuildFile; fileRef = B27FF2C02942DD8800371CD1 /* Roboto-MediumItalic.ttf */; };
		B27FF2CD2942DD8900371CD1 /* Roboto-ThinItalic.ttf in Resources */ = {isa = PBXBuildFile; fileRef = B27FF2C12942DD8800371CD1 /* Roboto-ThinItalic.ttf */; };
		B27FF2CE2942DD8900371CD1 /* Roboto-BoldItalic.ttf in Resources */ = {isa = PBXBuildFile; fileRef = B27FF2C22942DD8900371CD1 /* Roboto-BoldItalic.ttf */; };
		B27FF2CF2942DD8900371CD1 /* Roboto-LightItalic.ttf in Resources */ = {isa = PBXBuildFile; fileRef = B27FF2C32942DD8900371CD1 /* Roboto-LightItalic.ttf */; };
		B27FF2D02942DD8900371CD1 /* Roboto-Italic.ttf in Resources */ = {isa = PBXBuildFile; fileRef = B27FF2C42942DD8900371CD1 /* Roboto-Italic.ttf */; };
		B27FF2D12942DD8900371CD1 /* Roboto-BlackItalic.ttf in Resources */ = {isa = PBXBuildFile; fileRef = B27FF2C52942DD8900371CD1 /* Roboto-BlackItalic.ttf */; };
		B27FF2D22942DD8900371CD1 /* Roboto-Bold.ttf in Resources */ = {isa = PBXBuildFile; fileRef = B27FF2C62942DD8900371CD1 /* Roboto-Bold.ttf */; };
		B27FF2D32942DD8900371CD1 /* Roboto-Thin.ttf in Resources */ = {isa = PBXBuildFile; fileRef = B27FF2C72942DD8900371CD1 /* Roboto-Thin.ttf */; };
		B27FF2D42942DD8900371CD1 /* Roboto-Black.ttf in Resources */ = {isa = PBXBuildFile; fileRef = B27FF2C82942DD8900371CD1 /* Roboto-Black.ttf */; };
		B28F0281294978700011B191 /* Extension+UIFont.swift in Sources */ = {isa = PBXBuildFile; fileRef = B28F0280294978700011B191 /* Extension+UIFont.swift */; };
		B29766612950B27000D18AD9 /* IdVideo.swift in Sources */ = {isa = PBXBuildFile; fileRef = B29766602950B27000D18AD9 /* IdVideo.swift */; };
		B29766632950B28300D18AD9 /* VideoElement.swift in Sources */ = {isa = PBXBuildFile; fileRef = B29766622950B28300D18AD9 /* VideoElement.swift */; };
		B29766662950B2A400D18AD9 /* YoutubeSearchResponse.swift in Sources */ = {isa = PBXBuildFile; fileRef = B29766652950B2A400D18AD9 /* YoutubeSearchResponse.swift */; };
		B29766682950B39400D18AD9 /* Trending.swift in Sources */ = {isa = PBXBuildFile; fileRef = B29766672950B39400D18AD9 /* Trending.swift */; };
		B297666A2950BBE700D18AD9 /* Movie.swift in Sources */ = {isa = PBXBuildFile; fileRef = B29766692950BBE700D18AD9 /* Movie.swift */; };
		B297666C2950BCDF00D18AD9 /* PageInfo.swift in Sources */ = {isa = PBXBuildFile; fileRef = B297666B2950BCDF00D18AD9 /* PageInfo.swift */; };
		B2A0FA832947490A00346E2E /* RoundedButton.swift in Sources */ = {isa = PBXBuildFile; fileRef = B2A0FA822947490A00346E2E /* RoundedButton.swift */; };
		B2A0FA85294761D200346E2E /* Extension+CGPoint.swift in Sources */ = {isa = PBXBuildFile; fileRef = B2A0FA84294761D200346E2E /* Extension+CGPoint.swift */; };
		B2AB6FD3294C931E009CE621 /* CommonButtons.swift in Sources */ = {isa = PBXBuildFile; fileRef = B2AB6FD2294C931E009CE621 /* CommonButtons.swift */; };
		B2ACB5422943364B002B2E03 /* MasterButton.swift in Sources */ = {isa = PBXBuildFile; fileRef = B2ACB5412943364B002B2E03 /* MasterButton.swift */; };
		B2ACB54429433E15002B2E03 /* Extension+CGSize.swift in Sources */ = {isa = PBXBuildFile; fileRef = B2ACB54329433E15002B2E03 /* Extension+CGSize.swift */; };
		B2B298BF293FB1970050FEF3 /* FeedImageCollectionViewCell.swift in Sources */ = {isa = PBXBuildFile; fileRef = B2B298BE293FB1970050FEF3 /* FeedImageCollectionViewCell.swift */; };
		B2B3887029488ADF00DC9175 /* PrimaryButtonMedium.swift in Sources */ = {isa = PBXBuildFile; fileRef = B2B3886F29488ADF00DC9175 /* PrimaryButtonMedium.swift */; };
		B2B5420A295081F30056351D /* Extension+UIEdgeInsets.swift in Sources */ = {isa = PBXBuildFile; fileRef = B2B54209295081F30056351D /* Extension+UIEdgeInsets.swift */; };
		B2B5420D2950A1CD0056351D /* Extension+UIStackView.swift in Sources */ = {isa = PBXBuildFile; fileRef = B2B5420C2950A1CD0056351D /* Extension+UIStackView.swift */; };
		B2C0B07E293CC72800DB441B /* AppDelegate.swift in Sources */ = {isa = PBXBuildFile; fileRef = B2C0B07D293CC72800DB441B /* AppDelegate.swift */; };
		B2C0B080293CC72800DB441B /* SceneDelegate.swift in Sources */ = {isa = PBXBuildFile; fileRef = B2C0B07F293CC72800DB441B /* SceneDelegate.swift */; };
		B2C0B082293CC72800DB441B /* MainTabBarViewController.swift in Sources */ = {isa = PBXBuildFile; fileRef = B2C0B081293CC72800DB441B /* MainTabBarViewController.swift */; };
		B2C0B087293CC72900DB441B /* Assets.xcassets in Resources */ = {isa = PBXBuildFile; fileRef = B2C0B086293CC72900DB441B /* Assets.xcassets */; };
		B2C0B08A293CC72900DB441B /* LaunchScreen.storyboard in Resources */ = {isa = PBXBuildFile; fileRef = B2C0B088293CC72900DB441B /* LaunchScreen.storyboard */; };
		B2C0B096293CCD2A00DB441B /* HomeViewController.swift in Sources */ = {isa = PBXBuildFile; fileRef = B2C0B095293CCD2A00DB441B /* HomeViewController.swift */; };
		B2C0B098293CCD9700DB441B /* ExploreViewController.swift in Sources */ = {isa = PBXBuildFile; fileRef = B2C0B097293CCD9700DB441B /* ExploreViewController.swift */; };
		B2C0B09A293CCDD100DB441B /* MyListViewController.swift in Sources */ = {isa = PBXBuildFile; fileRef = B2C0B099293CCDD100DB441B /* MyListViewController.swift */; };
		B2C0B09C293CCDE100DB441B /* DownloadViewController.swift in Sources */ = {isa = PBXBuildFile; fileRef = B2C0B09B293CCDE100DB441B /* DownloadViewController.swift */; };
		B2C0B09E293CCDF000DB441B /* ProfileViewController.swift in Sources */ = {isa = PBXBuildFile; fileRef = B2C0B09D293CCDF000DB441B /* ProfileViewController.swift */; };
		B2C0B0A1293CD27A00DB441B /* Utilities.swift in Sources */ = {isa = PBXBuildFile; fileRef = B2C0B0A0293CD27A00DB441B /* Utilities.swift */; };
		B2C0B0A3293CD2C900DB441B /* Dictionaries.swift in Sources */ = {isa = PBXBuildFile; fileRef = B2C0B0A2293CD2C900DB441B /* Dictionaries.swift */; };
		B2C0B0A5293CD30500DB441B /* Enums.swift in Sources */ = {isa = PBXBuildFile; fileRef = B2C0B0A4293CD30500DB441B /* Enums.swift */; };
		B2D2B5142950C39100EC39F5 /* AppService.swift in Sources */ = {isa = PBXBuildFile; fileRef = B2D2B5132950C39100EC39F5 /* AppService.swift */; };
		B2D2B5192951631400EC39F5 /* BaseURL.swift in Sources */ = {isa = PBXBuildFile; fileRef = B2D2B5182951631400EC39F5 /* BaseURL.swift */; };
		B2D2B51B295163E400EC39F5 /* APICaller.swift in Sources */ = {isa = PBXBuildFile; fileRef = B2D2B51A295163E400EC39F5 /* APICaller.swift */; };
		B2E62AC72944E7C200FC7BE9 /* MasterButtonDelegate.swift in Sources */ = {isa = PBXBuildFile; fileRef = B2E62AC62944E7C200FC7BE9 /* MasterButtonDelegate.swift */; };
		B2E62AC92944FC3000FC7BE9 /* Extension+UIButton.swift in Sources */ = {isa = PBXBuildFile; fileRef = B2E62AC82944FC3000FC7BE9 /* Extension+UIButton.swift */; };
		B2EC91822941EEBA0099FD08 /* Extension+String.swift in Sources */ = {isa = PBXBuildFile; fileRef = B2EC91812941EEBA0099FD08 /* Extension+String.swift */; };
		B2EC91842941F02A0099FD08 /* Extension+UIImage.swift in Sources */ = {isa = PBXBuildFile; fileRef = B2EC91832941F02A0099FD08 /* Extension+UIImage.swift */; };
		B2EC91862941F3E90099FD08 /* Extension+TextField.swift in Sources */ = {isa = PBXBuildFile; fileRef = B2EC91852941F3E90099FD08 /* Extension+TextField.swift */; };
		B2EC91882941F4F90099FD08 /* Extension+UIColor.swift in Sources */ = {isa = PBXBuildFile; fileRef = B2EC91872941F4F90099FD08 /* Extension+UIColor.swift */; };
		B2EC918A2941F6FE0099FD08 /* Extension+CGFloat.swift in Sources */ = {isa = PBXBuildFile; fileRef = B2EC91892941F6FE0099FD08 /* Extension+CGFloat.swift */; };
		B2EC918C2941F7740099FD08 /* Extension+CAGradientLayer.swift in Sources */ = {isa = PBXBuildFile; fileRef = B2EC918B2941F7740099FD08 /* Extension+CAGradientLayer.swift */; };
		B2EC918E2941F8B40099FD08 /* Extension+UIView.swift in Sources */ = {isa = PBXBuildFile; fileRef = B2EC918D2941F8B40099FD08 /* Extension+UIView.swift */; };
		B2EC919429420FF80099FD08 /* AppManager.swift in Sources */ = {isa = PBXBuildFile; fileRef = B2EC919329420FF80099FD08 /* AppManager.swift */; };
		B2EC919829421A7C0099FD08 /* Extension+UIViewController.swift in Sources */ = {isa = PBXBuildFile; fileRef = B2EC919729421A7C0099FD08 /* Extension+UIViewController.swift */; };
		B2EC919A29421C430099FD08 /* Extension+NSCoding.swift in Sources */ = {isa = PBXBuildFile; fileRef = B2EC919929421C430099FD08 /* Extension+NSCoding.swift */; };
		B2F93F4E293F6BF200C1B7E2 /* CollectionViewTableViewCell.swift in Sources */ = {isa = PBXBuildFile; fileRef = B2F93F4D293F6BF200C1B7E2 /* CollectionViewTableViewCell.swift */; };
/* End PBXBuildFile section */

/* Begin PBXFileReference section */
		4A964553CCF0F64672A831E9 /* Pods_Mova.framework */ = {isa = PBXFileReference; explicitFileType = wrapper.framework; includeInIndex = 0; path = Pods_Mova.framework; sourceTree = BUILT_PRODUCTS_DIR; };
		9FC664F0DEEBE097E3537158 /* Pods-Mova.debug.xcconfig */ = {isa = PBXFileReference; includeInIndex = 1; lastKnownFileType = text.xcconfig; name = "Pods-Mova.debug.xcconfig"; path = "Target Support Files/Pods-Mova/Pods-Mova.debug.xcconfig"; sourceTree = "<group>"; };
		B2358770294231DA001C8BB0 /* AppConfig.swift */ = {isa = PBXFileReference; lastKnownFileType = sourcecode.swift; path = AppConfig.swift; sourceTree = "<group>"; };
		B235877229424611001C8BB0 /* BaseViewController.swift */ = {isa = PBXFileReference; lastKnownFileType = sourcecode.swift; path = BaseViewController.swift; sourceTree = "<group>"; };
		B23EB7672950122000940D50 /* StretchyHeaderImageView.swift */ = {isa = PBXFileReference; lastKnownFileType = sourcecode.swift; path = StretchyHeaderImageView.swift; sourceTree = "<group>"; };
		B23EB769295023A000940D50 /* HomeViewHeader.swift */ = {isa = PBXFileReference; lastKnownFileType = sourcecode.swift; path = HomeViewHeader.swift; sourceTree = "<group>"; };
		B244B33B2948DD3E00E92915 /* Extension+NSObject.swift */ = {isa = PBXFileReference; lastKnownFileType = sourcecode.swift; path = "Extension+NSObject.swift"; sourceTree = "<group>"; };
		B27106BA294435E700403D75 /* StretchyTableViewHeader.swift */ = {isa = PBXFileReference; lastKnownFileType = sourcecode.swift; path = StretchyTableViewHeader.swift; sourceTree = "<group>"; };
		B27FF2B22942D45B00371CD1 /* PrimaryButtonSmaller.swift */ = {isa = PBXFileReference; lastKnownFileType = sourcecode.swift; path = PrimaryButtonSmaller.swift; sourceTree = "<group>"; };
		B27FF2B52942D50300371CD1 /* MasterView.swift */ = {isa = PBXFileReference; lastKnownFileType = sourcecode.swift; path = MasterView.swift; sourceTree = "<group>"; };
		B27FF2B92942D6C000371CD1 /* PreviewUI.swift */ = {isa = PBXFileReference; lastKnownFileType = sourcecode.swift; path = PreviewUI.swift; sourceTree = "<group>"; };
		B27FF2BD2942DD8800371CD1 /* Roboto-Medium.ttf */ = {isa = PBXFileReference; lastKnownFileType = file; path = "Roboto-Medium.ttf"; sourceTree = "<group>"; };
		B27FF2BE2942DD8800371CD1 /* Roboto-Light.ttf */ = {isa = PBXFileReference; lastKnownFileType = file; path = "Roboto-Light.ttf"; sourceTree = "<group>"; };
		B27FF2BF2942DD8800371CD1 /* Roboto-Regular.ttf */ = {isa = PBXFileReference; lastKnownFileType = file; path = "Roboto-Regular.ttf"; sourceTree = "<group>"; };
		B27FF2C02942DD8800371CD1 /* Roboto-MediumItalic.ttf */ = {isa = PBXFileReference; lastKnownFileType = file; path = "Roboto-MediumItalic.ttf"; sourceTree = "<group>"; };
		B27FF2C12942DD8800371CD1 /* Roboto-ThinItalic.ttf */ = {isa = PBXFileReference; lastKnownFileType = file; path = "Roboto-ThinItalic.ttf"; sourceTree = "<group>"; };
		B27FF2C22942DD8900371CD1 /* Roboto-BoldItalic.ttf */ = {isa = PBXFileReference; lastKnownFileType = file; path = "Roboto-BoldItalic.ttf"; sourceTree = "<group>"; };
		B27FF2C32942DD8900371CD1 /* Roboto-LightItalic.ttf */ = {isa = PBXFileReference; lastKnownFileType = file; path = "Roboto-LightItalic.ttf"; sourceTree = "<group>"; };
		B27FF2C42942DD8900371CD1 /* Roboto-Italic.ttf */ = {isa = PBXFileReference; lastKnownFileType = file; path = "Roboto-Italic.ttf"; sourceTree = "<group>"; };
		B27FF2C52942DD8900371CD1 /* Roboto-BlackItalic.ttf */ = {isa = PBXFileReference; lastKnownFileType = file; path = "Roboto-BlackItalic.ttf"; sourceTree = "<group>"; };
		B27FF2C62942DD8900371CD1 /* Roboto-Bold.ttf */ = {isa = PBXFileReference; lastKnownFileType = file; path = "Roboto-Bold.ttf"; sourceTree = "<group>"; };
		B27FF2C72942DD8900371CD1 /* Roboto-Thin.ttf */ = {isa = PBXFileReference; lastKnownFileType = file; path = "Roboto-Thin.ttf"; sourceTree = "<group>"; };
		B27FF2C82942DD8900371CD1 /* Roboto-Black.ttf */ = {isa = PBXFileReference; lastKnownFileType = file; path = "Roboto-Black.ttf"; sourceTree = "<group>"; };
		B28F0280294978700011B191 /* Extension+UIFont.swift */ = {isa = PBXFileReference; lastKnownFileType = sourcecode.swift; path = "Extension+UIFont.swift"; sourceTree = "<group>"; };
		B29766602950B27000D18AD9 /* IdVideo.swift */ = {isa = PBXFileReference; lastKnownFileType = sourcecode.swift; path = IdVideo.swift; sourceTree = "<group>"; };
		B29766622950B28300D18AD9 /* VideoElement.swift */ = {isa = PBXFileReference; lastKnownFileType = sourcecode.swift; path = VideoElement.swift; sourceTree = "<group>"; };
		B29766652950B2A400D18AD9 /* YoutubeSearchResponse.swift */ = {isa = PBXFileReference; lastKnownFileType = sourcecode.swift; path = YoutubeSearchResponse.swift; sourceTree = "<group>"; };
		B29766672950B39400D18AD9 /* Trending.swift */ = {isa = PBXFileReference; lastKnownFileType = sourcecode.swift; path = Trending.swift; sourceTree = "<group>"; };
		B29766692950BBE700D18AD9 /* Movie.swift */ = {isa = PBXFileReference; lastKnownFileType = sourcecode.swift; path = Movie.swift; sourceTree = "<group>"; };
		B297666B2950BCDF00D18AD9 /* PageInfo.swift */ = {isa = PBXFileReference; lastKnownFileType = sourcecode.swift; path = PageInfo.swift; sourceTree = "<group>"; };
		B2A0FA822947490A00346E2E /* RoundedButton.swift */ = {isa = PBXFileReference; lastKnownFileType = sourcecode.swift; path = RoundedButton.swift; sourceTree = "<group>"; };
		B2A0FA84294761D200346E2E /* Extension+CGPoint.swift */ = {isa = PBXFileReference; lastKnownFileType = sourcecode.swift; path = "Extension+CGPoint.swift"; sourceTree = "<group>"; };
		B2AB6FD2294C931E009CE621 /* CommonButtons.swift */ = {isa = PBXFileReference; lastKnownFileType = sourcecode.swift; path = CommonButtons.swift; sourceTree = "<group>"; };
		B2ACB5412943364B002B2E03 /* MasterButton.swift */ = {isa = PBXFileReference; lastKnownFileType = sourcecode.swift; path = MasterButton.swift; sourceTree = "<group>"; };
		B2ACB54329433E15002B2E03 /* Extension+CGSize.swift */ = {isa = PBXFileReference; lastKnownFileType = sourcecode.swift; path = "Extension+CGSize.swift"; sourceTree = "<group>"; };
		B2B298BE293FB1970050FEF3 /* FeedImageCollectionViewCell.swift */ = {isa = PBXFileReference; lastKnownFileType = sourcecode.swift; path = FeedImageCollectionViewCell.swift; sourceTree = "<group>"; };
		B2B3886F29488ADF00DC9175 /* PrimaryButtonMedium.swift */ = {isa = PBXFileReference; lastKnownFileType = sourcecode.swift; path = PrimaryButtonMedium.swift; sourceTree = "<group>"; };
		B2B54209295081F30056351D /* Extension+UIEdgeInsets.swift */ = {isa = PBXFileReference; lastKnownFileType = sourcecode.swift; path = "Extension+UIEdgeInsets.swift"; sourceTree = "<group>"; };
		B2B5420C2950A1CD0056351D /* Extension+UIStackView.swift */ = {isa = PBXFileReference; lastKnownFileType = sourcecode.swift; path = "Extension+UIStackView.swift"; sourceTree = "<group>"; };
		B2C0B07A293CC72800DB441B /* Mova.app */ = {isa = PBXFileReference; explicitFileType = wrapper.application; includeInIndex = 0; path = Mova.app; sourceTree = BUILT_PRODUCTS_DIR; };
		B2C0B07D293CC72800DB441B /* AppDelegate.swift */ = {isa = PBXFileReference; lastKnownFileType = sourcecode.swift; path = AppDelegate.swift; sourceTree = "<group>"; };
		B2C0B07F293CC72800DB441B /* SceneDelegate.swift */ = {isa = PBXFileReference; lastKnownFileType = sourcecode.swift; path = SceneDelegate.swift; sourceTree = "<group>"; };
		B2C0B081293CC72800DB441B /* MainTabBarViewController.swift */ = {isa = PBXFileReference; lastKnownFileType = sourcecode.swift; path = MainTabBarViewController.swift; sourceTree = "<group>"; };
		B2C0B086293CC72900DB441B /* Assets.xcassets */ = {isa = PBXFileReference; lastKnownFileType = folder.assetcatalog; path = Assets.xcassets; sourceTree = "<group>"; };
		B2C0B089293CC72900DB441B /* Base */ = {isa = PBXFileReference; lastKnownFileType = file.storyboard; name = Base; path = Base.lproj/LaunchScreen.storyboard; sourceTree = "<group>"; };
		B2C0B08B293CC72900DB441B /* Info.plist */ = {isa = PBXFileReference; lastKnownFileType = text.plist.xml; path = Info.plist; sourceTree = "<group>"; };
		B2C0B095293CCD2A00DB441B /* HomeViewController.swift */ = {isa = PBXFileReference; lastKnownFileType = sourcecode.swift; path = HomeViewController.swift; sourceTree = "<group>"; };
		B2C0B097293CCD9700DB441B /* ExploreViewController.swift */ = {isa = PBXFileReference; lastKnownFileType = sourcecode.swift; path = ExploreViewController.swift; sourceTree = "<group>"; };
		B2C0B099293CCDD100DB441B /* MyListViewController.swift */ = {isa = PBXFileReference; lastKnownFileType = sourcecode.swift; path = MyListViewController.swift; sourceTree = "<group>"; };
		B2C0B09B293CCDE100DB441B /* DownloadViewController.swift */ = {isa = PBXFileReference; lastKnownFileType = sourcecode.swift; path = DownloadViewController.swift; sourceTree = "<group>"; };
		B2C0B09D293CCDF000DB441B /* ProfileViewController.swift */ = {isa = PBXFileReference; lastKnownFileType = sourcecode.swift; path = ProfileViewController.swift; sourceTree = "<group>"; };
		B2C0B0A0293CD27A00DB441B /* Utilities.swift */ = {isa = PBXFileReference; lastKnownFileType = sourcecode.swift; path = Utilities.swift; sourceTree = "<group>"; };
		B2C0B0A2293CD2C900DB441B /* Dictionaries.swift */ = {isa = PBXFileReference; lastKnownFileType = sourcecode.swift; path = Dictionaries.swift; sourceTree = "<group>"; };
		B2C0B0A4293CD30500DB441B /* Enums.swift */ = {isa = PBXFileReference; lastKnownFileType = sourcecode.swift; path = Enums.swift; sourceTree = "<group>"; };
		B2D2B5132950C39100EC39F5 /* AppService.swift */ = {isa = PBXFileReference; lastKnownFileType = sourcecode.swift; path = AppService.swift; sourceTree = "<group>"; };
		B2D2B5182951631400EC39F5 /* BaseURL.swift */ = {isa = PBXFileReference; lastKnownFileType = sourcecode.swift; path = BaseURL.swift; sourceTree = "<group>"; };
		B2D2B51A295163E400EC39F5 /* APICaller.swift */ = {isa = PBXFileReference; lastKnownFileType = sourcecode.swift; path = APICaller.swift; sourceTree = "<group>"; };
		B2E62AC62944E7C200FC7BE9 /* MasterButtonDelegate.swift */ = {isa = PBXFileReference; lastKnownFileType = sourcecode.swift; path = MasterButtonDelegate.swift; sourceTree = "<group>"; };
		B2E62AC82944FC3000FC7BE9 /* Extension+UIButton.swift */ = {isa = PBXFileReference; lastKnownFileType = sourcecode.swift; path = "Extension+UIButton.swift"; sourceTree = "<group>"; };
		B2EC91812941EEBA0099FD08 /* Extension+String.swift */ = {isa = PBXFileReference; lastKnownFileType = sourcecode.swift; path = "Extension+String.swift"; sourceTree = "<group>"; };
		B2EC91832941F02A0099FD08 /* Extension+UIImage.swift */ = {isa = PBXFileReference; lastKnownFileType = sourcecode.swift; path = "Extension+UIImage.swift"; sourceTree = "<group>"; };
		B2EC91852941F3E90099FD08 /* Extension+TextField.swift */ = {isa = PBXFileReference; lastKnownFileType = sourcecode.swift; path = "Extension+TextField.swift"; sourceTree = "<group>"; };
		B2EC91872941F4F90099FD08 /* Extension+UIColor.swift */ = {isa = PBXFileReference; lastKnownFileType = sourcecode.swift; path = "Extension+UIColor.swift"; sourceTree = "<group>"; };
		B2EC91892941F6FE0099FD08 /* Extension+CGFloat.swift */ = {isa = PBXFileReference; lastKnownFileType = sourcecode.swift; path = "Extension+CGFloat.swift"; sourceTree = "<group>"; };
		B2EC918B2941F7740099FD08 /* Extension+CAGradientLayer.swift */ = {isa = PBXFileReference; lastKnownFileType = sourcecode.swift; path = "Extension+CAGradientLayer.swift"; sourceTree = "<group>"; };
		B2EC918D2941F8B40099FD08 /* Extension+UIView.swift */ = {isa = PBXFileReference; lastKnownFileType = sourcecode.swift; path = "Extension+UIView.swift"; sourceTree = "<group>"; };
		B2EC919329420FF80099FD08 /* AppManager.swift */ = {isa = PBXFileReference; lastKnownFileType = sourcecode.swift; path = AppManager.swift; sourceTree = "<group>"; };
		B2EC919729421A7C0099FD08 /* Extension+UIViewController.swift */ = {isa = PBXFileReference; lastKnownFileType = sourcecode.swift; path = "Extension+UIViewController.swift"; sourceTree = "<group>"; };
		B2EC919929421C430099FD08 /* Extension+NSCoding.swift */ = {isa = PBXFileReference; lastKnownFileType = sourcecode.swift; path = "Extension+NSCoding.swift"; sourceTree = "<group>"; };
		B2F93F4D293F6BF200C1B7E2 /* CollectionViewTableViewCell.swift */ = {isa = PBXFileReference; lastKnownFileType = sourcecode.swift; path = CollectionViewTableViewCell.swift; sourceTree = "<group>"; };
		FA845F6E2BD5FE462254819A /* Pods-Mova.release.xcconfig */ = {isa = PBXFileReference; includeInIndex = 1; lastKnownFileType = text.xcconfig; name = "Pods-Mova.release.xcconfig"; path = "Target Support Files/Pods-Mova/Pods-Mova.release.xcconfig"; sourceTree = "<group>"; };
/* End PBXFileReference section */

/* Begin PBXFrameworksBuildPhase section */
		B2C0B077293CC72800DB441B /* Frameworks */ = {
			isa = PBXFrameworksBuildPhase;
			buildActionMask = 2147483647;
			files = (
				3F0353D4D1D052DFC97F011D /* Pods_Mova.framework in Frameworks */,
			);
			runOnlyForDeploymentPostprocessing = 0;
		};
/* End PBXFrameworksBuildPhase section */

/* Begin PBXGroup section */
		920B6ACF3E5C704CF25B8DDD /* Frameworks */ = {
			isa = PBXGroup;
			children = (
				4A964553CCF0F64672A831E9 /* Pods_Mova.framework */,
			);
			name = Frameworks;
			sourceTree = "<group>";
		};
		B23EB766295011F400940D50 /* Header */ = {
			isa = PBXGroup;
			children = (
				B23EB7672950122000940D50 /* StretchyHeaderImageView.swift */,
			);
			path = Header;
			sourceTree = "<group>";
		};
		B27FF2AF2942D2A000371CD1 /* Buttons */ = {
			isa = PBXGroup;
			children = (
			);
			path = Buttons;
			sourceTree = "<group>";
		};
		B27FF2B02942D2B900371CD1 /* Components */ = {
			isa = PBXGroup;
			children = (
				B23EB766295011F400940D50 /* Header */,
				B27FF2B12942D2C600371CD1 /* Buttons */,
			);
			path = Components;
			sourceTree = "<group>";
		};
		B27FF2B12942D2C600371CD1 /* Buttons */ = {
			isa = PBXGroup;
			children = (
				B27FF2B22942D45B00371CD1 /* PrimaryButtonSmaller.swift */,
				B2A0FA822947490A00346E2E /* RoundedButton.swift */,
				B2B3886F29488ADF00DC9175 /* PrimaryButtonMedium.swift */,
				B2AB6FD2294C931E009CE621 /* CommonButtons.swift */,
			);
			path = Buttons;
			sourceTree = "<group>";
		};
		B27FF2B42942D4D700371CD1 /* Master */ = {
			isa = PBXGroup;
			children = (
				B27FF2B52942D50300371CD1 /* MasterView.swift */,
				B2ACB5412943364B002B2E03 /* MasterButton.swift */,
			);
			path = Master;
			sourceTree = "<group>";
		};
		B27FF2BB2942DD7E00371CD1 /* Fonts */ = {
			isa = PBXGroup;
			children = (
				B27FF2BC2942DD8800371CD1 /* Roboto */,
			);
			path = Fonts;
			sourceTree = "<group>";
		};
		B27FF2BC2942DD8800371CD1 /* Roboto */ = {
			isa = PBXGroup;
			children = (
				B27FF2BD2942DD8800371CD1 /* Roboto-Medium.ttf */,
				B27FF2BE2942DD8800371CD1 /* Roboto-Light.ttf */,
				B27FF2BF2942DD8800371CD1 /* Roboto-Regular.ttf */,
				B27FF2C02942DD8800371CD1 /* Roboto-MediumItalic.ttf */,
				B27FF2C12942DD8800371CD1 /* Roboto-ThinItalic.ttf */,
				B27FF2C22942DD8900371CD1 /* Roboto-BoldItalic.ttf */,
				B27FF2C32942DD8900371CD1 /* Roboto-LightItalic.ttf */,
				B27FF2C42942DD8900371CD1 /* Roboto-Italic.ttf */,
				B27FF2C52942DD8900371CD1 /* Roboto-BlackItalic.ttf */,
				B27FF2C62942DD8900371CD1 /* Roboto-Bold.ttf */,
				B27FF2C72942DD8900371CD1 /* Roboto-Thin.ttf */,
				B27FF2C82942DD8900371CD1 /* Roboto-Black.ttf */,
			);
			path = Roboto;
			sourceTree = "<group>";
		};
		B29766642950B29C00D18AD9 /* Youtube */ = {
			isa = PBXGroup;
			children = (
				B29766652950B2A400D18AD9 /* YoutubeSearchResponse.swift */,
			);
			path = Youtube;
			sourceTree = "<group>";
		};
		B2B298BD293FB0B40050FEF3 /* Components */ = {
			isa = PBXGroup;
			children = (
				B27FF2AF2942D2A000371CD1 /* Buttons */,
				B2B298BE293FB1970050FEF3 /* FeedImageCollectionViewCell.swift */,
			);
			path = Components;
			sourceTree = "<group>";
		};
		B2C0B071293CC72800DB441B = {
			isa = PBXGroup;
			children = (
				B2C0B07C293CC72800DB441B /* Mova */,
				B2C0B07B293CC72800DB441B /* Products */,
				D32BD158EAA9B14B5D1415B4 /* Pods */,
				920B6ACF3E5C704CF25B8DDD /* Frameworks */,
			);
			sourceTree = "<group>";
		};
		B2C0B07B293CC72800DB441B /* Products */ = {
			isa = PBXGroup;
			children = (
				B2C0B07A293CC72800DB441B /* Mova.app */,
			);
			name = Products;
			sourceTree = "<group>";
		};
		B2C0B07C293CC72800DB441B /* Mova */ = {
			isa = PBXGroup;
			children = (
				B2D2B517295162A300EC39F5 /* Network */,
				B2EC918F2941FE4E0099FD08 /* Management */,
				B2EC917F2941EE890099FD08 /* Library */,
				B2E546CF293D974200937BE1 /* Styles */,
				B2C0B09F293CD26000DB441B /* Utilities */,
				B2C0B094293CCCF800DB441B /* Models */,
				B2C0B093293CCCF300DB441B /* ViewModels */,
				B2C0B092293CCCEC00DB441B /* Views */,
				B2C0B091293CCCE400DB441B /* Controllers */,
				B2C0B07D293CC72800DB441B /* AppDelegate.swift */,
				B2C0B07F293CC72800DB441B /* SceneDelegate.swift */,
				B2C0B086293CC72900DB441B /* Assets.xcassets */,
				B2C0B088293CC72900DB441B /* LaunchScreen.storyboard */,
				B2C0B08B293CC72900DB441B /* Info.plist */,
			);
			path = Mova;
			sourceTree = "<group>";
		};
		B2C0B091293CCCE400DB441B /* Controllers */ = {
			isa = PBXGroup;
			children = (
				B2EC917C2941D48C0099FD08 /* MainTabBar */,
				B2C0B095293CCD2A00DB441B /* HomeViewController.swift */,
				B2C0B097293CCD9700DB441B /* ExploreViewController.swift */,
				B2C0B099293CCDD100DB441B /* MyListViewController.swift */,
				B2C0B09B293CCDE100DB441B /* DownloadViewController.swift */,
				B2C0B09D293CCDF000DB441B /* ProfileViewController.swift */,
				B235877229424611001C8BB0 /* BaseViewController.swift */,
			);
			path = Controllers;
			sourceTree = "<group>";
		};
		B2C0B092293CCCEC00DB441B /* Views */ = {
			isa = PBXGroup;
			children = (
				B2EC919D294227B60099FD08 /* Header */,
				B2B298BD293FB0B40050FEF3 /* Components */,
				B2F93F4D293F6BF200C1B7E2 /* CollectionViewTableViewCell.swift */,
			);
			path = Views;
			sourceTree = "<group>";
		};
		B2C0B093293CCCF300DB441B /* ViewModels */ = {
			isa = PBXGroup;
			children = (
			);
			path = ViewModels;
			sourceTree = "<group>";
		};
		B2C0B094293CCCF800DB441B /* Models */ = {
			isa = PBXGroup;
			children = (
				B29766642950B29C00D18AD9 /* Youtube */,
				B29766602950B27000D18AD9 /* IdVideo.swift */,
				B29766622950B28300D18AD9 /* VideoElement.swift */,
				B29766672950B39400D18AD9 /* Trending.swift */,
				B29766692950BBE700D18AD9 /* Movie.swift */,
				B297666B2950BCDF00D18AD9 /* PageInfo.swift */,
			);
			path = Models;
			sourceTree = "<group>";
		};
		B2C0B09F293CD26000DB441B /* Utilities */ = {
			isa = PBXGroup;
			children = (
				B2C0B0A0293CD27A00DB441B /* Utilities.swift */,
				B2C0B0A2293CD2C900DB441B /* Dictionaries.swift */,
				B2C0B0A4293CD30500DB441B /* Enums.swift */,
			);
			path = Utilities;
			sourceTree = "<group>";
		};
		B2D2B517295162A300EC39F5 /* Network */ = {
			isa = PBXGroup;
			children = (
				B2D2B51C2951650D00EC39F5 /* ServerRequest */,
				B2D2B5182951631400EC39F5 /* BaseURL.swift */,
				B2D2B51A295163E400EC39F5 /* APICaller.swift */,
			);
			path = Network;
			sourceTree = "<group>";
		};
		B2D2B51C2951650D00EC39F5 /* ServerRequest */ = {
			isa = PBXGroup;
			children = (
			);
			path = ServerRequest;
			sourceTree = "<group>";
		};
		B2E546CF293D974200937BE1 /* Styles */ = {
			isa = PBXGroup;
			children = (
				B27FF2BB2942DD7E00371CD1 /* Fonts */,
			);
			path = Styles;
			sourceTree = "<group>";
		};
		B2E62AC52944E7B700FC7BE9 /* Delegate */ = {
			isa = PBXGroup;
			children = (
				B2E62AC62944E7C200FC7BE9 /* MasterButtonDelegate.swift */,
			);
			path = Delegate;
			sourceTree = "<group>";
		};
		B2EC917C2941D48C0099FD08 /* MainTabBar */ = {
			isa = PBXGroup;
			children = (
				B2C0B081293CC72800DB441B /* MainTabBarViewController.swift */,
			);
			path = MainTabBar;
			sourceTree = "<group>";
		};
		B2EC917F2941EE890099FD08 /* Library */ = {
			isa = PBXGroup;
			children = (
				B2E62AC52944E7B700FC7BE9 /* Delegate */,
				B27FF2B42942D4D700371CD1 /* Master */,
				B27FF2B02942D2B900371CD1 /* Components */,
				B2EC91802941EE9A0099FD08 /* Extension */,
				B27FF2B92942D6C000371CD1 /* PreviewUI.swift */,
			);
			path = Library;
			sourceTree = "<group>";
		};
		B2EC91802941EE9A0099FD08 /* Extension */ = {
			isa = PBXGroup;
			children = (
				B2EC91812941EEBA0099FD08 /* Extension+String.swift */,
				B2EC91832941F02A0099FD08 /* Extension+UIImage.swift */,
				B2EC91852941F3E90099FD08 /* Extension+TextField.swift */,
				B2EC91872941F4F90099FD08 /* Extension+UIColor.swift */,
				B2EC91892941F6FE0099FD08 /* Extension+CGFloat.swift */,
				B2EC918B2941F7740099FD08 /* Extension+CAGradientLayer.swift */,
				B2EC918D2941F8B40099FD08 /* Extension+UIView.swift */,
				B2EC919729421A7C0099FD08 /* Extension+UIViewController.swift */,
				B2EC919929421C430099FD08 /* Extension+NSCoding.swift */,
				B2ACB54329433E15002B2E03 /* Extension+CGSize.swift */,
				B2E62AC82944FC3000FC7BE9 /* Extension+UIButton.swift */,
				B2A0FA84294761D200346E2E /* Extension+CGPoint.swift */,
				B244B33B2948DD3E00E92915 /* Extension+NSObject.swift */,
				B28F0280294978700011B191 /* Extension+UIFont.swift */,
				B2B54209295081F30056351D /* Extension+UIEdgeInsets.swift */,
				B2B5420C2950A1CD0056351D /* Extension+UIStackView.swift */,
			);
			path = Extension;
			sourceTree = "<group>";
		};
		B2EC918F2941FE4E0099FD08 /* Management */ = {
			isa = PBXGroup;
			children = (
				B2EC919329420FF80099FD08 /* AppManager.swift */,
				B2358770294231DA001C8BB0 /* AppConfig.swift */,
				B2D2B5132950C39100EC39F5 /* AppService.swift */,
			);
			path = Management;
			sourceTree = "<group>";
		};
		B2EC919D294227B60099FD08 /* Header */ = {
			isa = PBXGroup;
			children = (
				B27106BA294435E700403D75 /* StretchyTableViewHeader.swift */,
				B23EB769295023A000940D50 /* HomeViewHeader.swift */,
			);
			path = Header;
			sourceTree = "<group>";
		};
		D32BD158EAA9B14B5D1415B4 /* Pods */ = {
			isa = PBXGroup;
			children = (
				9FC664F0DEEBE097E3537158 /* Pods-Mova.debug.xcconfig */,
				FA845F6E2BD5FE462254819A /* Pods-Mova.release.xcconfig */,
			);
			path = Pods;
			sourceTree = "<group>";
		};
/* End PBXGroup section */

/* Begin PBXNativeTarget section */
		B2C0B079293CC72800DB441B /* Mova */ = {
			isa = PBXNativeTarget;
			buildConfigurationList = B2C0B08E293CC72900DB441B /* Build configuration list for PBXNativeTarget "Mova" */;
			buildPhases = (
				ABDCE2E379F0D492C53D8C8F /* [CP] Check Pods Manifest.lock */,
				B2C0B076293CC72800DB441B /* Sources */,
				B2C0B077293CC72800DB441B /* Frameworks */,
				B2C0B078293CC72800DB441B /* Resources */,
				D002993B6D6C45E9ABBBE270 /* [CP] Embed Pods Frameworks */,
			);
			buildRules = (
			);
			dependencies = (
			);
			name = Mova;
			productName = "Netflix Clone";
			productReference = B2C0B07A293CC72800DB441B /* Mova.app */;
			productType = "com.apple.product-type.application";
		};
/* End PBXNativeTarget section */

/* Begin PBXProject section */
		B2C0B072293CC72800DB441B /* Project object */ = {
			isa = PBXProject;
			attributes = {
				BuildIndependentTargetsInParallel = 1;
				LastSwiftUpdateCheck = 1410;
				LastUpgradeCheck = 1410;
				TargetAttributes = {
					B2C0B079293CC72800DB441B = {
						CreatedOnToolsVersion = 14.1;
					};
				};
			};
			buildConfigurationList = B2C0B075293CC72800DB441B /* Build configuration list for PBXProject "Mova" */;
			compatibilityVersion = "Xcode 14.0";
			developmentRegion = en;
			hasScannedForEncodings = 0;
			knownRegions = (
				en,
				Base,
			);
			mainGroup = B2C0B071293CC72800DB441B;
			productRefGroup = B2C0B07B293CC72800DB441B /* Products */;
			projectDirPath = "";
			projectRoot = "";
			targets = (
				B2C0B079293CC72800DB441B /* Mova */,
			);
		};
/* End PBXProject section */

/* Begin PBXResourcesBuildPhase section */
		B2C0B078293CC72800DB441B /* Resources */ = {
			isa = PBXResourcesBuildPhase;
			buildActionMask = 2147483647;
			files = (
				B2C0B08A293CC72900DB441B /* LaunchScreen.storyboard in Resources */,
				B2C0B087293CC72900DB441B /* Assets.xcassets in Resources */,
				B27FF2D22942DD8900371CD1 /* Roboto-Bold.ttf in Resources */,
				B27FF2CE2942DD8900371CD1 /* Roboto-BoldItalic.ttf in Resources */,
				B27FF2CB2942DD8900371CD1 /* Roboto-Regular.ttf in Resources */,
				B27FF2CD2942DD8900371CD1 /* Roboto-ThinItalic.ttf in Resources */,
				B27FF2CF2942DD8900371CD1 /* Roboto-LightItalic.ttf in Resources */,
				B27FF2D12942DD8900371CD1 /* Roboto-BlackItalic.ttf in Resources */,
				B27FF2CA2942DD8900371CD1 /* Roboto-Light.ttf in Resources */,
				B27FF2D02942DD8900371CD1 /* Roboto-Italic.ttf in Resources */,
				B27FF2CC2942DD8900371CD1 /* Roboto-MediumItalic.ttf in Resources */,
				B27FF2D42942DD8900371CD1 /* Roboto-Black.ttf in Resources */,
				B27FF2D32942DD8900371CD1 /* Roboto-Thin.ttf in Resources */,
				B27FF2C92942DD8900371CD1 /* Roboto-Medium.ttf in Resources */,
			);
			runOnlyForDeploymentPostprocessing = 0;
		};
/* End PBXResourcesBuildPhase section */

/* Begin PBXShellScriptBuildPhase section */
		ABDCE2E379F0D492C53D8C8F /* [CP] Check Pods Manifest.lock */ = {
			isa = PBXShellScriptBuildPhase;
			buildActionMask = 2147483647;
			files = (
			);
			inputFileListPaths = (
			);
			inputPaths = (
				"${PODS_PODFILE_DIR_PATH}/Podfile.lock",
				"${PODS_ROOT}/Manifest.lock",
			);
			name = "[CP] Check Pods Manifest.lock";
			outputFileListPaths = (
			);
			outputPaths = (
				"$(DERIVED_FILE_DIR)/Pods-Mova-checkManifestLockResult.txt",
			);
			runOnlyForDeploymentPostprocessing = 0;
			shellPath = /bin/sh;
			shellScript = "diff \"${PODS_PODFILE_DIR_PATH}/Podfile.lock\" \"${PODS_ROOT}/Manifest.lock\" > /dev/null\nif [ $? != 0 ] ; then\n    # print error to STDERR\n    echo \"error: The sandbox is not in sync with the Podfile.lock. Run 'pod install' or update your CocoaPods installation.\" >&2\n    exit 1\nfi\n# This output is used by Xcode 'outputs' to avoid re-running this script phase.\necho \"SUCCESS\" > \"${SCRIPT_OUTPUT_FILE_0}\"\n";
			showEnvVarsInLog = 0;
		};
		D002993B6D6C45E9ABBBE270 /* [CP] Embed Pods Frameworks */ = {
			isa = PBXShellScriptBuildPhase;
			buildActionMask = 2147483647;
			files = (
			);
			inputFileListPaths = (
				"${PODS_ROOT}/Target Support Files/Pods-Mova/Pods-Mova-frameworks-${CONFIGURATION}-input-files.xcfilelist",
			);
			name = "[CP] Embed Pods Frameworks";
			outputFileListPaths = (
				"${PODS_ROOT}/Target Support Files/Pods-Mova/Pods-Mova-frameworks-${CONFIGURATION}-output-files.xcfilelist",
			);
			runOnlyForDeploymentPostprocessing = 0;
			shellPath = /bin/sh;
			shellScript = "\"${PODS_ROOT}/Target Support Files/Pods-Mova/Pods-Mova-frameworks.sh\"\n";
			showEnvVarsInLog = 0;
		};
/* End PBXShellScriptBuildPhase section */

/* Begin PBXSourcesBuildPhase section */
		B2C0B076293CC72800DB441B /* Sources */ = {
			isa = PBXSourcesBuildPhase;
			buildActionMask = 2147483647;
			files = (
				B2C0B098293CCD9700DB441B /* ExploreViewController.swift in Sources */,
				B2B5420D2950A1CD0056351D /* Extension+UIStackView.swift in Sources */,
				B29766662950B2A400D18AD9 /* YoutubeSearchResponse.swift in Sources */,
				B2B298BF293FB1970050FEF3 /* FeedImageCollectionViewCell.swift in Sources */,
				B2A0FA85294761D200346E2E /* Extension+CGPoint.swift in Sources */,
				B27FF2B62942D50300371CD1 /* MasterView.swift in Sources */,
				B2B3887029488ADF00DC9175 /* PrimaryButtonMedium.swift in Sources */,
				B2C0B0A3293CD2C900DB441B /* Dictionaries.swift in Sources */,
				B2C0B09A293CCDD100DB441B /* MyListViewController.swift in Sources */,
				B2C0B082293CC72800DB441B /* MainTabBarViewController.swift in Sources */,
				B2EC91842941F02A0099FD08 /* Extension+UIImage.swift in Sources */,
				B2C0B09C293CCDE100DB441B /* DownloadViewController.swift in Sources */,
				B297666C2950BCDF00D18AD9 /* PageInfo.swift in Sources */,
				B2EC919A29421C430099FD08 /* Extension+NSCoding.swift in Sources */,
				B2D2B5192951631400EC39F5 /* BaseURL.swift in Sources */,
				B2D2B51B295163E400EC39F5 /* APICaller.swift in Sources */,
				B244B33C2948DD3E00E92915 /* Extension+NSObject.swift in Sources */,
				B2EC918C2941F7740099FD08 /* Extension+CAGradientLayer.swift in Sources */,
				B2D2B5142950C39100EC39F5 /* AppService.swift in Sources */,
				B23EB76A295023A000940D50 /* HomeViewHeader.swift in Sources */,
				B2F93F4E293F6BF200C1B7E2 /* CollectionViewTableViewCell.swift in Sources */,
				B2EC919829421A7C0099FD08 /* Extension+UIViewController.swift in Sources */,
				B2C0B07E293CC72800DB441B /* AppDelegate.swift in Sources */,
				B2E62AC72944E7C200FC7BE9 /* MasterButtonDelegate.swift in Sources */,
				B2ACB54429433E15002B2E03 /* Extension+CGSize.swift in Sources */,
				B235877329424611001C8BB0 /* BaseViewController.swift in Sources */,
				B2E62AC92944FC3000FC7BE9 /* Extension+UIButton.swift in Sources */,
				B2EC91882941F4F90099FD08 /* Extension+UIColor.swift in Sources */,
				B2C0B09E293CCDF000DB441B /* ProfileViewController.swift in Sources */,
				B2EC91862941F3E90099FD08 /* Extension+TextField.swift in Sources */,
				B2358771294231DA001C8BB0 /* AppConfig.swift in Sources */,
				B27FF2B32942D45B00371CD1 /* PrimaryButtonSmaller.swift in Sources */,
				B2C0B0A1293CD27A00DB441B /* Utilities.swift in Sources */,
				B2B5420A295081F30056351D /* Extension+UIEdgeInsets.swift in Sources */,
				B29766632950B28300D18AD9 /* VideoElement.swift in Sources */,
				B28F0281294978700011B191 /* Extension+UIFont.swift in Sources */,
				B2EC918A2941F6FE0099FD08 /* Extension+CGFloat.swift in Sources */,
				B23EB7682950122000940D50 /* StretchyHeaderImageView.swift in Sources */,
				B297666A2950BBE700D18AD9 /* Movie.swift in Sources */,
				B2AB6FD3294C931E009CE621 /* CommonButtons.swift in Sources */,
				B29766682950B39400D18AD9 /* Trending.swift in Sources */,
				B29766612950B27000D18AD9 /* IdVideo.swift in Sources */,
				B2EC91822941EEBA0099FD08 /* Extension+String.swift in Sources */,
				B2EC919429420FF80099FD08 /* AppManager.swift in Sources */,
				B2C0B080293CC72800DB441B /* SceneDelegate.swift in Sources */,
				B27FF2BA2942D6C000371CD1 /* PreviewUI.swift in Sources */,
				B2C0B096293CCD2A00DB441B /* HomeViewController.swift in Sources */,
				B27106BB294435E700403D75 /* StretchyTableViewHeader.swift in Sources */,
				B2ACB5422943364B002B2E03 /* MasterButton.swift in Sources */,
				B2C0B0A5293CD30500DB441B /* Enums.swift in Sources */,
				B2A0FA832947490A00346E2E /* RoundedButton.swift in Sources */,
				B2EC918E2941F8B40099FD08 /* Extension+UIView.swift in Sources */,
			);
			runOnlyForDeploymentPostprocessing = 0;
		};
/* End PBXSourcesBuildPhase section */

/* Begin PBXVariantGroup section */
		B2C0B088293CC72900DB441B /* LaunchScreen.storyboard */ = {
			isa = PBXVariantGroup;
			children = (
				B2C0B089293CC72900DB441B /* Base */,
			);
			name = LaunchScreen.storyboard;
			sourceTree = "<group>";
		};
/* End PBXVariantGroup section */

/* Begin XCBuildConfiguration section */
		B2C0B08C293CC72900DB441B /* Debug */ = {
			isa = XCBuildConfiguration;
			buildSettings = {
				ALWAYS_SEARCH_USER_PATHS = NO;
				CLANG_ANALYZER_NONNULL = YES;
				CLANG_ANALYZER_NUMBER_OBJECT_CONVERSION = YES_AGGRESSIVE;
				CLANG_CXX_LANGUAGE_STANDARD = "gnu++20";
				CLANG_ENABLE_MODULES = YES;
				CLANG_ENABLE_OBJC_ARC = YES;
				CLANG_ENABLE_OBJC_WEAK = YES;
				CLANG_WARN_BLOCK_CAPTURE_AUTORELEASING = YES;
				CLANG_WARN_BOOL_CONVERSION = YES;
				CLANG_WARN_COMMA = YES;
				CLANG_WARN_CONSTANT_CONVERSION = YES;
				CLANG_WARN_DEPRECATED_OBJC_IMPLEMENTATIONS = YES;
				CLANG_WARN_DIRECT_OBJC_ISA_USAGE = YES_ERROR;
				CLANG_WARN_DOCUMENTATION_COMMENTS = YES;
				CLANG_WARN_EMPTY_BODY = YES;
				CLANG_WARN_ENUM_CONVERSION = YES;
				CLANG_WARN_INFINITE_RECURSION = YES;
				CLANG_WARN_INT_CONVERSION = YES;
				CLANG_WARN_NON_LITERAL_NULL_CONVERSION = YES;
				CLANG_WARN_OBJC_IMPLICIT_RETAIN_SELF = YES;
				CLANG_WARN_OBJC_LITERAL_CONVERSION = YES;
				CLANG_WARN_OBJC_ROOT_CLASS = YES_ERROR;
				CLANG_WARN_QUOTED_INCLUDE_IN_FRAMEWORK_HEADER = YES;
				CLANG_WARN_RANGE_LOOP_ANALYSIS = YES;
				CLANG_WARN_STRICT_PROTOTYPES = YES;
				CLANG_WARN_SUSPICIOUS_MOVE = YES;
				CLANG_WARN_UNGUARDED_AVAILABILITY = YES_AGGRESSIVE;
				CLANG_WARN_UNREACHABLE_CODE = YES;
				CLANG_WARN__DUPLICATE_METHOD_MATCH = YES;
				COPY_PHASE_STRIP = NO;
				DEBUG_INFORMATION_FORMAT = dwarf;
				ENABLE_STRICT_OBJC_MSGSEND = YES;
				ENABLE_TESTABILITY = YES;
				GCC_C_LANGUAGE_STANDARD = gnu11;
				GCC_DYNAMIC_NO_PIC = NO;
				GCC_NO_COMMON_BLOCKS = YES;
				GCC_OPTIMIZATION_LEVEL = 0;
				GCC_PREPROCESSOR_DEFINITIONS = (
					"DEBUG=1",
					"$(inherited)",
				);
				GCC_WARN_64_TO_32_BIT_CONVERSION = YES;
				GCC_WARN_ABOUT_RETURN_TYPE = YES_ERROR;
				GCC_WARN_UNDECLARED_SELECTOR = YES;
				GCC_WARN_UNINITIALIZED_AUTOS = YES_AGGRESSIVE;
				GCC_WARN_UNUSED_FUNCTION = YES;
				GCC_WARN_UNUSED_VARIABLE = YES;
				IPHONEOS_DEPLOYMENT_TARGET = 16.1;
				MTL_ENABLE_DEBUG_INFO = INCLUDE_SOURCE;
				MTL_FAST_MATH = YES;
				ONLY_ACTIVE_ARCH = YES;
				SDKROOT = iphoneos;
				SWIFT_ACTIVE_COMPILATION_CONDITIONS = DEBUG;
				SWIFT_OPTIMIZATION_LEVEL = "-Onone";
			};
			name = Debug;
		};
		B2C0B08D293CC72900DB441B /* Release */ = {
			isa = XCBuildConfiguration;
			buildSettings = {
				ALWAYS_SEARCH_USER_PATHS = NO;
				CLANG_ANALYZER_NONNULL = YES;
				CLANG_ANALYZER_NUMBER_OBJECT_CONVERSION = YES_AGGRESSIVE;
				CLANG_CXX_LANGUAGE_STANDARD = "gnu++20";
				CLANG_ENABLE_MODULES = YES;
				CLANG_ENABLE_OBJC_ARC = YES;
				CLANG_ENABLE_OBJC_WEAK = YES;
				CLANG_WARN_BLOCK_CAPTURE_AUTORELEASING = YES;
				CLANG_WARN_BOOL_CONVERSION = YES;
				CLANG_WARN_COMMA = YES;
				CLANG_WARN_CONSTANT_CONVERSION = YES;
				CLANG_WARN_DEPRECATED_OBJC_IMPLEMENTATIONS = YES;
				CLANG_WARN_DIRECT_OBJC_ISA_USAGE = YES_ERROR;
				CLANG_WARN_DOCUMENTATION_COMMENTS = YES;
				CLANG_WARN_EMPTY_BODY = YES;
				CLANG_WARN_ENUM_CONVERSION = YES;
				CLANG_WARN_INFINITE_RECURSION = YES;
				CLANG_WARN_INT_CONVERSION = YES;
				CLANG_WARN_NON_LITERAL_NULL_CONVERSION = YES;
				CLANG_WARN_OBJC_IMPLICIT_RETAIN_SELF = YES;
				CLANG_WARN_OBJC_LITERAL_CONVERSION = YES;
				CLANG_WARN_OBJC_ROOT_CLASS = YES_ERROR;
				CLANG_WARN_QUOTED_INCLUDE_IN_FRAMEWORK_HEADER = YES;
				CLANG_WARN_RANGE_LOOP_ANALYSIS = YES;
				CLANG_WARN_STRICT_PROTOTYPES = YES;
				CLANG_WARN_SUSPICIOUS_MOVE = YES;
				CLANG_WARN_UNGUARDED_AVAILABILITY = YES_AGGRESSIVE;
				CLANG_WARN_UNREACHABLE_CODE = YES;
				CLANG_WARN__DUPLICATE_METHOD_MATCH = YES;
				COPY_PHASE_STRIP = NO;
				DEBUG_INFORMATION_FORMAT = "dwarf-with-dsym";
				ENABLE_NS_ASSERTIONS = NO;
				ENABLE_STRICT_OBJC_MSGSEND = YES;
				GCC_C_LANGUAGE_STANDARD = gnu11;
				GCC_NO_COMMON_BLOCKS = YES;
				GCC_WARN_64_TO_32_BIT_CONVERSION = YES;
				GCC_WARN_ABOUT_RETURN_TYPE = YES_ERROR;
				GCC_WARN_UNDECLARED_SELECTOR = YES;
				GCC_WARN_UNINITIALIZED_AUTOS = YES_AGGRESSIVE;
				GCC_WARN_UNUSED_FUNCTION = YES;
				GCC_WARN_UNUSED_VARIABLE = YES;
				IPHONEOS_DEPLOYMENT_TARGET = 16.1;
				MTL_ENABLE_DEBUG_INFO = NO;
				MTL_FAST_MATH = YES;
				SDKROOT = iphoneos;
				SWIFT_COMPILATION_MODE = wholemodule;
				SWIFT_OPTIMIZATION_LEVEL = "-O";
				VALIDATE_PRODUCT = YES;
			};
			name = Release;
		};
		B2C0B08F293CC72900DB441B /* Debug */ = {
			isa = XCBuildConfiguration;
			baseConfigurationReference = 9FC664F0DEEBE097E3537158 /* Pods-Mova.debug.xcconfig */;
			buildSettings = {
				ASSETCATALOG_COMPILER_APPICON_NAME = AppIcon;
				ASSETCATALOG_COMPILER_GLOBAL_ACCENT_COLOR_NAME = AccentColor;
				CODE_SIGN_STYLE = Automatic;
				CURRENT_PROJECT_VERSION = 1;
				DEVELOPMENT_TEAM = 3AMK848546;
				GENERATE_INFOPLIST_FILE = YES;
				INFOPLIST_FILE = Mova/Info.plist;
				INFOPLIST_KEY_CFBundleDisplayName = Mova;
				INFOPLIST_KEY_LSApplicationCategoryType = "public.app-category.entertainment";
				INFOPLIST_KEY_UIApplicationSupportsIndirectInputEvents = YES;
				INFOPLIST_KEY_UILaunchStoryboardName = LaunchScreen;
				INFOPLIST_KEY_UISupportedInterfaceOrientations_iPad = "UIInterfaceOrientationPortrait UIInterfaceOrientationPortraitUpsideDown UIInterfaceOrientationLandscapeLeft UIInterfaceOrientationLandscapeRight";
				INFOPLIST_KEY_UISupportedInterfaceOrientations_iPhone = "UIInterfaceOrientationPortrait UIInterfaceOrientationLandscapeLeft UIInterfaceOrientationLandscapeRight";
				IPHONEOS_DEPLOYMENT_TARGET = 13.0;
				LD_RUNPATH_SEARCH_PATHS = (
					"$(inherited)",
					"@executable_path/Frameworks",
				);
				MARKETING_VERSION = 1.0;
				PRODUCT_BUNDLE_IDENTIFIER = haunguyen.dev.com.mova;
				PRODUCT_NAME = "$(TARGET_NAME)";
				SWIFT_EMIT_LOC_STRINGS = YES;
				SWIFT_VERSION = 5.0;
				TARGETED_DEVICE_FAMILY = "1,2";
			};
			name = Debug;
		};
		B2C0B090293CC72900DB441B /* Release */ = {
			isa = XCBuildConfiguration;
			baseConfigurationReference = FA845F6E2BD5FE462254819A /* Pods-Mova.release.xcconfig */;
			buildSettings = {
				ASSETCATALOG_COMPILER_APPICON_NAME = AppIcon;
				ASSETCATALOG_COMPILER_GLOBAL_ACCENT_COLOR_NAME = AccentColor;
				CODE_SIGN_STYLE = Automatic;
				CURRENT_PROJECT_VERSION = 1;
				DEVELOPMENT_TEAM = 3AMK848546;
				GENERATE_INFOPLIST_FILE = YES;
				INFOPLIST_FILE = Mova/Info.plist;
				INFOPLIST_KEY_CFBundleDisplayName = Mova;
				INFOPLIST_KEY_LSApplicationCategoryType = "public.app-category.entertainment";
				INFOPLIST_KEY_UIApplicationSupportsIndirectInputEvents = YES;
				INFOPLIST_KEY_UILaunchStoryboardName = LaunchScreen;
				INFOPLIST_KEY_UISupportedInterfaceOrientations_iPad = "UIInterfaceOrientationPortrait UIInterfaceOrientationPortraitUpsideDown UIInterfaceOrientationLandscapeLeft UIInterfaceOrientationLandscapeRight";
				INFOPLIST_KEY_UISupportedInterfaceOrientations_iPhone = "UIInterfaceOrientationPortrait UIInterfaceOrientationLandscapeLeft UIInterfaceOrientationLandscapeRight";
				IPHONEOS_DEPLOYMENT_TARGET = 13.0;
				LD_RUNPATH_SEARCH_PATHS = (
					"$(inherited)",
					"@executable_path/Frameworks",
				);
				MARKETING_VERSION = 1.0;
				PRODUCT_BUNDLE_IDENTIFIER = haunguyen.dev.com.mova;
				PRODUCT_NAME = "$(TARGET_NAME)";
				SWIFT_EMIT_LOC_STRINGS = YES;
				SWIFT_VERSION = 5.0;
				TARGETED_DEVICE_FAMILY = "1,2";
			};
			name = Release;
		};
/* End XCBuildConfiguration section */

/* Begin XCConfigurationList section */
		B2C0B075293CC72800DB441B /* Build configuration list for PBXProject "Mova" */ = {
			isa = XCConfigurationList;
			buildConfigurations = (
				B2C0B08C293CC72900DB441B /* Debug */,
				B2C0B08D293CC72900DB441B /* Release */,
			);
			defaultConfigurationIsVisible = 0;
			defaultConfigurationName = Release;
		};
		B2C0B08E293CC72900DB441B /* Build configuration list for PBXNativeTarget "Mova" */ = {
			isa = XCConfigurationList;
			buildConfigurations = (
				B2C0B08F293CC72900DB441B /* Debug */,
				B2C0B090293CC72900DB441B /* Release */,
			);
			defaultConfigurationIsVisible = 0;
			defaultConfigurationName = Release;
		};
/* End XCConfigurationList section */
	};
	rootObject = B2C0B072293CC72800DB441B /* Project object */;
}
